
Microsoft Visual Studio Solution File, Format Version 12.00
# Visual Studio Version 16
VisualStudioVersion = 16.0.30803.129
MinimumVisualStudioVersion = 10.0.40219.1
Project("{FAE04EC0-301F-11D3-BF4B-00C04F79EFBC}") = "InterestingBehaviour", "InterestingBehaviour\InterestingBehaviour.csproj", "{30AFB6C2-75F3-4A79-B675-F9D91944096C}"
EndProject
Global
	GlobalSection(SolutionConfigurationPlatforms) = preSolution
		Debug|Any CPU = Debug|Any CPU
		Release|Any CPU = Release|Any CPU
	EndGlobalSection
	GlobalSection(ProjectConfigurationPlatforms) = postSolution
		{30AFB6C2-75F3-4A79-B675-F9D91944096C}.Debug|Any CPU.ActiveCfg = Debug|Any CPU
		{30AFB6C2-75F3-4A79-B675-F9D91944096C}.Debug|Any CPU.Build.0 = Debug|Any CPU
		{30AFB6C2-75F3-4A79-B675-F9D91944096C}.Release|Any CPU.ActiveCfg = Release|Any CPU
		{30AFB6C2-75F3-4A79-B675-F9D91944096C}.Release|Any CPU.Build.0 = Release|Any CPU
	EndGlobalSection
	GlobalSection(SolutionProperties) = preSolution
		HideSolutionNode = FALSE
	EndGlobalSection
	GlobalSection(ExtensibilityGlobals) = postSolution
		SolutionGuid = {426023D6-AE11-438C-A60A-0D6C3FE1E52B}
	EndGlobalSection
EndGlobal
